// !$*UTF8*$!
{
	archiveVersion = 1;
	classes = {
	};
	objectVersion = 46;
	objects = {

/* Begin PBXBuildFile section */
		DC1CFB8619690A4500C80527 /* main.cpp in Sources */ = {isa = PBXBuildFile; fileRef = DC1CFB8519690A4500C80527 /* main.cpp */; };
/* End PBXBuildFile section */

/* Begin PBXCopyFilesBuildPhase section */
		DC1CFB8019690A4500C80527 /* CopyFiles */ = {
			isa = PBXCopyFilesBuildPhase;
			buildActionMask = 2147483647;
			dstPath = /usr/share/man/man1/;
			dstSubfolderSpec = 0;
			files = (
			);
			runOnlyForDeploymentPostprocessing = 1;
		};
/* End PBXCopyFilesBuildPhase section */

/* Begin PBXFileReference section */
		DC1CFB8219690A4500C80527 /* FTL Weapon Creation Tool */ = {isa = PBXFileReference; explicitFileType = "compiled.mach-o.executable"; includeInIndex = 0; path = "FTL Weapon Creation Tool"; sourceTree = BUILT_PRODUCTS_DIR; };
		DC1CFB8519690A4500C80527 /* main.cpp */ = {isa = PBXFileReference; lastKnownFileType = sourcecode.cpp.cpp; path = main.cpp; sourceTree = "<group>"; };
/* End PBXFileReference section */

/* Begin PBXFrameworksBuildPhase section */
		DC1CFB7F19690A4500C80527 /* Frameworks */ = {
			isa = PBXFrameworksBuildPhase;
			buildActionMask = 2147483647;
			files = (
			);
			runOnlyForDeploymentPostprocessing = 0;
		};
/* End PBXFrameworksBuildPhase section */

/* Begin PBXGroup section */
		DC1CFB7919690A4500C80527 = {
			isa = PBXGroup;
			children = (
				DC1CFB8419690A4500C80527 /* FTL Weapon Creation Tool */,
				DC1CFB8319690A4500C80527 /* Products */,
			);
			sourceTree = "<group>";
		};
		DC1CFB8319690A4500C80527 /* Products */ = {
			isa = PBXGroup;
			children = (
				DC1CFB8219690A4500C80527 /* FTL Weapon Creation Tool */,
			);
			name = Products;
			sourceTree = "<group>";
		};
		DC1CFB8419690A4500C80527 /* FTL Weapon Creation Tool */ = {
			isa = PBXGroup;
			children = (
				DC1CFB8519690A4500C80527 /* main.cpp */,
			);
			path = "FTL Weapon Creation Tool";
			sourceTree = "<group>";
		};
/* End PBXGroup section */

/* Begin PBXNativeTarget section */
		DC1CFB8119690A4500C80527 /* FTL Weapon Creation Tool */ = {
			isa = PBXNativeTarget;
			buildConfigurationList = DC1CFB8919690A4500C80527 /* Build configuration list for PBXNativeTarget "FTL Weapon Creation Tool" */;
			buildPhases = (
				DC1CFB7E19690A4500C80527 /* Sources */,
				DC1CFB7F19690A4500C80527 /* Frameworks */,
				DC1CFB8019690A4500C80527 /* CopyFiles */,
			);
			buildRules = (
			);
			dependencies = (
			);
			name = "FTL Weapon Creation Tool";
			productName = "FTL Weapon Creation Tool";
			productReference = DC1CFB8219690A4500C80527 /* FTL Weapon Creation Tool */;
			productType = "com.apple.product-type.tool";
		};
/* End PBXNativeTarget section */

/* Begin PBXProject section */
		DC1CFB7A19690A4500C80527 /* Project object */ = {
			isa = PBXProject;
			attributes = {
				LastUpgradeCheck = 0600;
				ORGANIZATIONNAME = "Belman Industries";
				TargetAttributes = {
					DC1CFB8119690A4500C80527 = {
						CreatedOnToolsVersion = 6.0;
					};
				};
			};
			buildConfigurationList = DC1CFB7D19690A4500C80527 /* Build configuration list for PBXProject "FTL Weapon Creation Tool" */;
			compatibilityVersion = "Xcode 3.2";
			developmentRegion = English;
			hasScannedForEncodings = 0;
			knownRegions = (
				en,
			);
			mainGroup = DC1CFB7919690A4500C80527;
			productRefGroup = DC1CFB8319690A4500C80527 /* Products */;
			projectDirPath = "";
			projectRoot = "";
			targets = (
				DC1CFB8119690A4500C80527 /* FTL Weapon Creation Tool */,
			);
		};
/* End PBXProject section */

/* Begin PBXSourcesBuildPhase section */
		DC1CFB7E19690A4500C80527 /* Sources */ = {
			isa = PBXSourcesBuildPhase;
			buildActionMask = 2147483647;
			files = (
				DC1CFB8619690A4500C80527 /* main.cpp in Sources */,
			);
			runOnlyForDeploymentPostprocessing = 0;
		};
/* End PBXSourcesBuildPhase section */

/* Begin XCBuildConfiguration section */
		DC1CFB8719690A4500C80527 /* Debug */ = {
			isa = XCBuildConfiguration;
			buildSettings = {
				ALWAYS_SEARCH_USER_PATHS = NO;
				CLANG_CXX_LANGUAGE_STANDARD = "gnu++0x";
				CLANG_CXX_LIBRARY = "libc++";
				CLANG_ENABLE_MODULES = YES;
				CLANG_ENABLE_OBJC_ARC = YES;
				CLANG_WARN_BOOL_CONVERSION = YES;
				CLANG_WARN_CONSTANT_CONVERSION = YES;
				CLANG_WARN_DIRECT_OBJC_ISA_USAGE = YES_ERROR;
				CLANG_WARN_EMPTY_BODY = YES;
				CLANG_WARN_ENUM_CONVERSION = YES;
				CLANG_WARN_INT_CONVERSION = YES;
				CLANG_WARN_OBJC_ROOT_CLASS = YES_ERROR;
				CLANG_WARN_UNREACHABLE_CODE = YES;
				CLANG_WARN__DUPLICATE_METHOD_MATCH = YES;
				COPY_PHASE_STRIP = NO;
				ENABLE_STRICT_OBJC_MSGSEND = YES;
				GCC_C_LANGUAGE_STANDARD = gnu99;
				GCC_DYNAMIC_NO_PIC = NO;
				GCC_OPTIMIZATION_LEVEL = 0;
				GCC_PREPROCESSOR_DEFINITIONS = (
					"DEBUG=1",
					"$(inherited)",
				);
				GCC_SYMBOLS_PRIVATE_EXTERN = NO;
				GCC_WARN_64_TO_32_BIT_CONVERSION = YES;
				GCC_WARN_ABOUT_RETURN_TYPE = YES_ERROR;
				GCC_WARN_UNDECLARED_SELECTOR = YES;
				GCC_WARN_UNINITIALIZED_AUTOS = YES_AGGRESSIVE;
				GCC_WARN_UNUSED_FUNCTION = YES;
				GCC_WARN_UNUSED_VARIABLE = YES;
				MACOSX_DEPLOYMENT_TARGET = 10.10;
				METAL_ENABLE_DEBUG_INFO = YES;
				ONLY_ACTIVE_ARCH = YES;
				SDKROOT = macosx;
			};
			name = Debug;
		};
		DC1CFB8819690A4500C80527 /* Release */ = {
			isa = XCBuildConfiguration;
			buildSettings = {
				ALWAYS_SEARCH_USER_PATHS = NO;
				CLANG_CXX_LANGUAGE_STANDARD = "gnu++0x";
				CLANG_CXX_LIBRARY = "libc++";
				CLANG_ENABLE_MODULES = YES;
				CLANG_ENABLE_OBJC_ARC = YES;
				CLANG_WARN_BOOL_CONVERSION = YES;
				CLANG_WARN_CONSTANT_CONVERSION = YES;
				CLANG_WARN_DIRECT_OBJC_ISA_USAGE = YES_ERROR;
				CLANG_WARN_EMPTY_BODY = YES;
				CLANG_WARN_ENUM_CONVERSION = YES;
				CLANG_WARN_INT_CONVERSION = YES;
				CLANG_WARN_OBJC_ROOT_CLASS = YES_ERROR;
				CLANG_WARN_UNREACHABLE_CODE = YES;
				CLANG_WARN__DUPLICATE_METHOD_MATCH = YES;
				COPY_PHASE_STRIP = YES;
				DEBUG_INFORMATION_FORMAT = "dwarf-with-dsym";
				ENABLE_NS_ASSERTIONS = NO;
				ENABLE_STRICT_OBJC_MSGSEND = YES;
				GCC_C_LANGUAGE_STANDARD = gnu99;
				GCC_WARN_64_TO_32_BIT_CONVERSION = YES;
				GCC_WARN_ABOUT_RETURN_TYPE = YES_ERROR;
				GCC_WARN_UNDECLARED_SELECTOR = YES;
				GCC_WARN_UNINITIALIZED_AUTOS = YES_AGGRESSIVE;
				GCC_WARN_UNUSED_FUNCTION = YES;
				GCC_WARN_UNUSED_VARIABLE = YES;
				MACOSX_DEPLOYMENT_TARGET = 10.10;
				METAL_ENABLE_DEBUG_INFO = NO;
				SDKROOT = macosx;
			};
			name = Release;
		};
		DC1CFB8A19690A4500C80527 /* Debug */ = {
			isa = XCBuildConfiguration;
			buildSettings = {
				PRODUCT_NAME = "$(TARGET_NAME)";
				SDKROOT = macosx;
			};
			name = Debug;
		};
		DC1CFB8B19690A4500C80527 /* Release */ = {
			isa = XCBuildConfiguration;
			buildSettings = {
				PRODUCT_NAME = "$(TARGET_NAME)";
				SDKROOT = macosx;
			};
			name = Release;
		};
/* End XCBuildConfiguration section */

/* Begin XCConfigurationList section */
		DC1CFB7D19690A4500C80527 /* Build configuration list for PBXProject "FTL Weapon Creation Tool" */ = {
			isa = XCConfigurationList;
			buildConfigurations = (
				DC1CFB8719690A4500C80527 /* Debug */,
				DC1CFB8819690A4500C80527 /* Release */,
			);
			defaultConfigurationIsVisible = 0;
			defaultConfigurationName = Release;
		};
		DC1CFB8919690A4500C80527 /* Build configuration list for PBXNativeTarget "FTL Weapon Creation Tool" */ = {
			isa = XCConfigurationList;
			buildConfigurations = (
				DC1CFB8A19690A4500C80527 /* Debug */,
				DC1CFB8B19690A4500C80527 /* Release */,
			);
			defaultConfigurationIsVisible = 0;
		};
/* End XCConfigurationList section */
	};
	rootObject = DC1CFB7A19690A4500C80527 /* Project object */;
}
